
Microsoft Visual Studio Solution File, Format Version 12.00
# Visual Studio Version 17
VisualStudioVersion = 17.12.35527.113
MinimumVisualStudioVersion = 10.0.40219.1
Project("{FAE04EC0-301F-11D3-BF4B-00C04F79EFBC}") = "SMK Sales", "Administrator\SMK Sales.csproj", "{840C19CA-63B8-4BE1-BE53-F8E977603DA9}"
EndProject
Project("{FAE04EC0-301F-11D3-BF4B-00C04F79EFBC}") = "Examination", "Examination\Examination.csproj", "{D8D1CD28-E390-4D74-82B8-737D5964666F}"
EndProject
Project("{FAE04EC0-301F-11D3-BF4B-00C04F79EFBC}") = "Score", "Score\Score.csproj", "{A9B6DE05-F607-47A3-BC1E-972F68ACBB68}"
EndProject
Project("{FAE04EC0-301F-11D3-BF4B-00C04F79EFBC}") = "CurrencyConvert", "CurrencyConvert\CurrencyConvert.csproj", "{2D668A3C-0CA8-4303-8AC0-BFC91A837A2F}"
EndProject
Project("{FAE04EC0-301F-11D3-BF4B-00C04F79EFBC}") = "EsemkaLibrary", "EsemkaLibrary\EsemkaLibrary.csproj", "{06B40D0D-2623-47DC-991A-CC73CA5E6B21}"
EndProject
Project("{FAE04EC0-301F-11D3-BF4B-00C04F79EFBC}") = "FoodCourt", "FoodCourt\FoodCourt.csproj", "{3F26D5CD-BDA8-4C40-97DE-43E4DD58945B}"
EndProject
Global
	GlobalSection(SolutionConfigurationPlatforms) = preSolution
		Debug|Any CPU = Debug|Any CPU
		Release|Any CPU = Release|Any CPU
	EndGlobalSection
	GlobalSection(ProjectConfigurationPlatforms) = postSolution
		{840C19CA-63B8-4BE1-BE53-F8E977603DA9}.Debug|Any CPU.ActiveCfg = Debug|Any CPU
		{840C19CA-63B8-4BE1-BE53-F8E977603DA9}.Debug|Any CPU.Build.0 = Debug|Any CPU
		{840C19CA-63B8-4BE1-BE53-F8E977603DA9}.Release|Any CPU.ActiveCfg = Release|Any CPU
		{840C19CA-63B8-4BE1-BE53-F8E977603DA9}.Release|Any CPU.Build.0 = Release|Any CPU
		{D8D1CD28-E390-4D74-82B8-737D5964666F}.Debug|Any CPU.ActiveCfg = Debug|Any CPU
		{D8D1CD28-E390-4D74-82B8-737D5964666F}.Debug|Any CPU.Build.0 = Debug|Any CPU
		{D8D1CD28-E390-4D74-82B8-737D5964666F}.Release|Any CPU.ActiveCfg = Release|Any CPU
		{D8D1CD28-E390-4D74-82B8-737D5964666F}.Release|Any CPU.Build.0 = Release|Any CPU
		{A9B6DE05-F607-47A3-BC1E-972F68ACBB68}.Debug|Any CPU.ActiveCfg = Debug|Any CPU
		{A9B6DE05-F607-47A3-BC1E-972F68ACBB68}.Debug|Any CPU.Build.0 = Debug|Any CPU
		{A9B6DE05-F607-47A3-BC1E-972F68ACBB68}.Release|Any CPU.ActiveCfg = Release|Any CPU
		{A9B6DE05-F607-47A3-BC1E-972F68ACBB68}.Release|Any CPU.Build.0 = Release|Any CPU
		{2D668A3C-0CA8-4303-8AC0-BFC91A837A2F}.Debug|Any CPU.ActiveCfg = Debug|Any CPU
		{2D668A3C-0CA8-4303-8AC0-BFC91A837A2F}.Debug|Any CPU.Build.0 = Debug|Any CPU
		{2D668A3C-0CA8-4303-8AC0-BFC91A837A2F}.Release|Any CPU.ActiveCfg = Release|Any CPU
		{2D668A3C-0CA8-4303-8AC0-BFC91A837A2F}.Release|Any CPU.Build.0 = Release|Any CPU
		{06B40D0D-2623-47DC-991A-CC73CA5E6B21}.Debug|Any CPU.ActiveCfg = Debug|Any CPU
		{06B40D0D-2623-47DC-991A-CC73CA5E6B21}.Debug|Any CPU.Build.0 = Debug|Any CPU
		{06B40D0D-2623-47DC-991A-CC73CA5E6B21}.Release|Any CPU.ActiveCfg = Release|Any CPU
		{06B40D0D-2623-47DC-991A-CC73CA5E6B21}.Release|Any CPU.Build.0 = Release|Any CPU
		{3F26D5CD-BDA8-4C40-97DE-43E4DD58945B}.Debug|Any CPU.ActiveCfg = Debug|Any CPU
		{3F26D5CD-BDA8-4C40-97DE-43E4DD58945B}.Debug|Any CPU.Build.0 = Debug|Any CPU
		{3F26D5CD-BDA8-4C40-97DE-43E4DD58945B}.Release|Any CPU.ActiveCfg = Release|Any CPU
		{3F26D5CD-BDA8-4C40-97DE-43E4DD58945B}.Release|Any CPU.Build.0 = Release|Any CPU
	EndGlobalSection
	GlobalSection(SolutionProperties) = preSolution
		HideSolutionNode = FALSE
	EndGlobalSection
	GlobalSection(ExtensibilityGlobals) = postSolution
		SolutionGuid = {61A79766-5B23-43CB-9DE6-922F0BB091A8}
	EndGlobalSection
EndGlobal
